
Microsoft Visual Studio Solution File, Format Version 12.00
# Visual Studio 15
VisualStudioVersion = 15.0.28010.2019
MinimumVisualStudioVersion = 10.0.40219.1
Project("{9A19103F-16F7-4668-BE54-9A1E7A4F7556}") = "ConversionsApi", "ConversionsApi\ConversionsApi.csproj", "{24A12DE7-A9FD-42DC-9805-58BF18712273}"
EndProject
Project("{9A19103F-16F7-4668-BE54-9A1E7A4F7556}") = "ConversionsDal", "ConversionsDal\ConversionsDal.csproj", "{FF420815-C826-40AD-B6F5-27B79359DA06}"
EndProject
Project("{9A19103F-16F7-4668-BE54-9A1E7A4F7556}") = "ConversionsClientModels", "ConversionsClientModels\ConversionsClientModels.csproj", "{21076B37-239E-46AB-8FE9-8B002AE55D1F}"
EndProject
Project("{9A19103F-16F7-4668-BE54-9A1E7A4F7556}") = "ConversionsDb", "ConversionsDb\ConversionsDb.csproj", "{943C2028-20CB-4C0C-B38A-4C50C7CE8150}"
EndProject
Global
	GlobalSection(SolutionConfigurationPlatforms) = preSolution
		Debug|Any CPU = Debug|Any CPU
		Release|Any CPU = Release|Any CPU
	EndGlobalSection
	GlobalSection(ProjectConfigurationPlatforms) = postSolution
		{24A12DE7-A9FD-42DC-9805-58BF18712273}.Debug|Any CPU.ActiveCfg = Debug|Any CPU
		{24A12DE7-A9FD-42DC-9805-58BF18712273}.Debug|Any CPU.Build.0 = Debug|Any CPU
		{24A12DE7-A9FD-42DC-9805-58BF18712273}.Release|Any CPU.ActiveCfg = Release|Any CPU
		{24A12DE7-A9FD-42DC-9805-58BF18712273}.Release|Any CPU.Build.0 = Release|Any CPU
		{FF420815-C826-40AD-B6F5-27B79359DA06}.Debug|Any CPU.ActiveCfg = Debug|Any CPU
		{FF420815-C826-40AD-B6F5-27B79359DA06}.Debug|Any CPU.Build.0 = Debug|Any CPU
		{FF420815-C826-40AD-B6F5-27B79359DA06}.Release|Any CPU.ActiveCfg = Release|Any CPU
		{FF420815-C826-40AD-B6F5-27B79359DA06}.Release|Any CPU.Build.0 = Release|Any CPU
		{21076B37-239E-46AB-8FE9-8B002AE55D1F}.Debug|Any CPU.ActiveCfg = Debug|Any CPU
		{21076B37-239E-46AB-8FE9-8B002AE55D1F}.Debug|Any CPU.Build.0 = Debug|Any CPU
		{21076B37-239E-46AB-8FE9-8B002AE55D1F}.Release|Any CPU.ActiveCfg = Release|Any CPU
		{21076B37-239E-46AB-8FE9-8B002AE55D1F}.Release|Any CPU.Build.0 = Release|Any CPU
		{943C2028-20CB-4C0C-B38A-4C50C7CE8150}.Debug|Any CPU.ActiveCfg = Debug|Any CPU
		{943C2028-20CB-4C0C-B38A-4C50C7CE8150}.Debug|Any CPU.Build.0 = Debug|Any CPU
		{943C2028-20CB-4C0C-B38A-4C50C7CE8150}.Release|Any CPU.ActiveCfg = Release|Any CPU
		{943C2028-20CB-4C0C-B38A-4C50C7CE8150}.Release|Any CPU.Build.0 = Release|Any CPU
	EndGlobalSection
	GlobalSection(SolutionProperties) = preSolution
		HideSolutionNode = FALSE
	EndGlobalSection
	GlobalSection(ExtensibilityGlobals) = postSolution
		SolutionGuid = {F32E3079-9306-474D-8CEE-6A0157024971}
	EndGlobalSection
EndGlobal
